// !$*UTF8*$!
{
	archiveVersion = 1;
	classes = {
	};
	objectVersion = 55;
	objects = {

/* Begin PBXBuildFile section */
		630A842628DB3DC3008238B4 /* PokedexDetailViewController.swift in Sources */ = {isa = PBXBuildFile; fileRef = 630A842528DB3DC3008238B4 /* PokedexDetailViewController.swift */; };
		630A842928DCB385008238B4 /* SDWebImage in Frameworks */ = {isa = PBXBuildFile; productRef = 630A842828DCB385008238B4 /* SDWebImage */; };
		630A842B28DCB385008238B4 /* SDWebImageMapKit in Frameworks */ = {isa = PBXBuildFile; productRef = 630A842A28DCB385008238B4 /* SDWebImageMapKit */; };
		634609E028EF6A9100C6DF1F /* PokedexUITests.swift in Sources */ = {isa = PBXBuildFile; fileRef = 634609DF28EF6A9100C6DF1F /* PokedexUITests.swift */; };
		634609E228EF6A9100C6DF1F /* PokedexUITestsLaunchTests.swift in Sources */ = {isa = PBXBuildFile; fileRef = 634609E128EF6A9100C6DF1F /* PokedexUITestsLaunchTests.swift */; };
		6350DE6F28ADD9C800B50E4E /* Data+Extension.swift in Sources */ = {isa = PBXBuildFile; fileRef = 6350DE6E28ADD9C800B50E4E /* Data+Extension.swift */; };
		63AADE9828AEC37200734FE8 /* PokemonRepositoryProtocol.swift in Sources */ = {isa = PBXBuildFile; fileRef = 63AADE9728AEC37200734FE8 /* PokemonRepositoryProtocol.swift */; };
		63AADE9B28AEC43C00734FE8 /* PokemonRepository.swift in Sources */ = {isa = PBXBuildFile; fileRef = 63AADE9A28AEC43C00734FE8 /* PokemonRepository.swift */; };
		63AADE9E28AECA0400734FE8 /* PokemonModel.swift in Sources */ = {isa = PBXBuildFile; fileRef = 63AADE9D28AECA0400734FE8 /* PokemonModel.swift */; };
		63AADEA128AECE4400734FE8 /* FetchPokemonUseCase.swift in Sources */ = {isa = PBXBuildFile; fileRef = 63AADEA028AECE4400734FE8 /* FetchPokemonUseCase.swift */; };
		63D6AD0828AD683C0048BF72 /* AppDelegate.swift in Sources */ = {isa = PBXBuildFile; fileRef = 63D6AD0728AD683C0048BF72 /* AppDelegate.swift */; };
		63D6AD0A28AD683C0048BF72 /* SceneDelegate.swift in Sources */ = {isa = PBXBuildFile; fileRef = 63D6AD0928AD683C0048BF72 /* SceneDelegate.swift */; };
		63D6AD0C28AD683C0048BF72 /* PokedexListViewController.swift in Sources */ = {isa = PBXBuildFile; fileRef = 63D6AD0B28AD683C0048BF72 /* PokedexListViewController.swift */; };
		63D6AD1128AD683D0048BF72 /* Assets.xcassets in Resources */ = {isa = PBXBuildFile; fileRef = 63D6AD1028AD683D0048BF72 /* Assets.xcassets */; };
		63D6AD1428AD683D0048BF72 /* LaunchScreen.storyboard in Resources */ = {isa = PBXBuildFile; fileRef = 63D6AD1228AD683D0048BF72 /* LaunchScreen.storyboard */; };
		63D6AD2128AD76620048BF72 /* PokemonListDTO.swift in Sources */ = {isa = PBXBuildFile; fileRef = 63D6AD2028AD76620048BF72 /* PokemonListDTO.swift */; };
		63D6AD2328AD76AA0048BF72 /* RemoteDataSource.swift in Sources */ = {isa = PBXBuildFile; fileRef = 63D6AD2228AD76AA0048BF72 /* RemoteDataSource.swift */; };
		63D6AD2528AD76D30048BF72 /* Endpoints.swift in Sources */ = {isa = PBXBuildFile; fileRef = 63D6AD2428AD76D30048BF72 /* Endpoints.swift */; };
		63D6AD2728AD7AA80048BF72 /* RemoteDataSourceProtocol.swift in Sources */ = {isa = PBXBuildFile; fileRef = 63D6AD2628AD7AA80048BF72 /* RemoteDataSourceProtocol.swift */; };
		63D6AD2928AD7C510048BF72 /* Extension.swift in Sources */ = {isa = PBXBuildFile; fileRef = 63D6AD2828AD7C510048BF72 /* Extension.swift */; };
		63D6AD2C28AD7D0E0048BF72 /* PokemonListViewModel.swift in Sources */ = {isa = PBXBuildFile; fileRef = 63D6AD2B28AD7D0E0048BF72 /* PokemonListViewModel.swift */; };
		63E6E68328EDE17F0044C45D /* FetchPokemonUseCaseTest.swift in Sources */ = {isa = PBXBuildFile; fileRef = 63E6E68228EDE17F0044C45D /* FetchPokemonUseCaseTest.swift */; };
/* End PBXBuildFile section */

/* Begin PBXContainerItemProxy section */
		634609E328EF6A9100C6DF1F /* PBXContainerItemProxy */ = {
			isa = PBXContainerItemProxy;
			containerPortal = 63D6ACFC28AD683C0048BF72 /* Project object */;
			proxyType = 1;
			remoteGlobalIDString = 63D6AD0328AD683C0048BF72;
			remoteInfo = Pokedex;
		};
		63E6E68428EDE17F0044C45D /* PBXContainerItemProxy */ = {
			isa = PBXContainerItemProxy;
			containerPortal = 63D6ACFC28AD683C0048BF72 /* Project object */;
			proxyType = 1;
			remoteGlobalIDString = 63D6AD0328AD683C0048BF72;
			remoteInfo = Pokedex;
		};
/* End PBXContainerItemProxy section */

/* Begin PBXFileReference section */
		630A842528DB3DC3008238B4 /* PokedexDetailViewController.swift */ = {isa = PBXFileReference; lastKnownFileType = sourcecode.swift; path = PokedexDetailViewController.swift; sourceTree = "<group>"; };
		634609DD28EF6A9100C6DF1F /* PokedexUITests.xctest */ = {isa = PBXFileReference; explicitFileType = wrapper.cfbundle; includeInIndex = 0; path = PokedexUITests.xctest; sourceTree = BUILT_PRODUCTS_DIR; };
		634609DF28EF6A9100C6DF1F /* PokedexUITests.swift */ = {isa = PBXFileReference; lastKnownFileType = sourcecode.swift; path = PokedexUITests.swift; sourceTree = "<group>"; };
		634609E128EF6A9100C6DF1F /* PokedexUITestsLaunchTests.swift */ = {isa = PBXFileReference; lastKnownFileType = sourcecode.swift; path = PokedexUITestsLaunchTests.swift; sourceTree = "<group>"; };
		6350DE6E28ADD9C800B50E4E /* Data+Extension.swift */ = {isa = PBXFileReference; lastKnownFileType = sourcecode.swift; path = "Data+Extension.swift"; sourceTree = "<group>"; };
		63AADE9728AEC37200734FE8 /* PokemonRepositoryProtocol.swift */ = {isa = PBXFileReference; lastKnownFileType = sourcecode.swift; path = PokemonRepositoryProtocol.swift; sourceTree = "<group>"; };
		63AADE9A28AEC43C00734FE8 /* PokemonRepository.swift */ = {isa = PBXFileReference; lastKnownFileType = sourcecode.swift; path = PokemonRepository.swift; sourceTree = "<group>"; };
		63AADE9D28AECA0400734FE8 /* PokemonModel.swift */ = {isa = PBXFileReference; lastKnownFileType = sourcecode.swift; path = PokemonModel.swift; sourceTree = "<group>"; };
		63AADEA028AECE4400734FE8 /* FetchPokemonUseCase.swift */ = {isa = PBXFileReference; lastKnownFileType = sourcecode.swift; path = FetchPokemonUseCase.swift; sourceTree = "<group>"; };
		63D6AD0428AD683C0048BF72 /* Pokedex.app */ = {isa = PBXFileReference; explicitFileType = wrapper.application; includeInIndex = 0; path = Pokedex.app; sourceTree = BUILT_PRODUCTS_DIR; };
		63D6AD0728AD683C0048BF72 /* AppDelegate.swift */ = {isa = PBXFileReference; lastKnownFileType = sourcecode.swift; path = AppDelegate.swift; sourceTree = "<group>"; };
		63D6AD0928AD683C0048BF72 /* SceneDelegate.swift */ = {isa = PBXFileReference; lastKnownFileType = sourcecode.swift; path = SceneDelegate.swift; sourceTree = "<group>"; };
		63D6AD0B28AD683C0048BF72 /* PokedexListViewController.swift */ = {isa = PBXFileReference; lastKnownFileType = sourcecode.swift; path = PokedexListViewController.swift; sourceTree = "<group>"; };
		63D6AD1028AD683D0048BF72 /* Assets.xcassets */ = {isa = PBXFileReference; lastKnownFileType = folder.assetcatalog; path = Assets.xcassets; sourceTree = "<group>"; };
		63D6AD1328AD683D0048BF72 /* Base */ = {isa = PBXFileReference; lastKnownFileType = file.storyboard; name = Base; path = Base.lproj/LaunchScreen.storyboard; sourceTree = "<group>"; };
		63D6AD1528AD683D0048BF72 /* Info.plist */ = {isa = PBXFileReference; lastKnownFileType = text.plist.xml; path = Info.plist; sourceTree = "<group>"; };
		63D6AD2028AD76620048BF72 /* PokemonListDTO.swift */ = {isa = PBXFileReference; lastKnownFileType = sourcecode.swift; path = PokemonListDTO.swift; sourceTree = "<group>"; };
		63D6AD2228AD76AA0048BF72 /* RemoteDataSource.swift */ = {isa = PBXFileReference; lastKnownFileType = sourcecode.swift; path = RemoteDataSource.swift; sourceTree = "<group>"; };
		63D6AD2428AD76D30048BF72 /* Endpoints.swift */ = {isa = PBXFileReference; lastKnownFileType = sourcecode.swift; path = Endpoints.swift; sourceTree = "<group>"; };
		63D6AD2628AD7AA80048BF72 /* RemoteDataSourceProtocol.swift */ = {isa = PBXFileReference; lastKnownFileType = sourcecode.swift; path = RemoteDataSourceProtocol.swift; sourceTree = "<group>"; };
		63D6AD2828AD7C510048BF72 /* Extension.swift */ = {isa = PBXFileReference; lastKnownFileType = sourcecode.swift; path = Extension.swift; sourceTree = "<group>"; };
		63D6AD2B28AD7D0E0048BF72 /* PokemonListViewModel.swift */ = {isa = PBXFileReference; lastKnownFileType = sourcecode.swift; path = PokemonListViewModel.swift; sourceTree = "<group>"; };
		63E6E68028EDE17F0044C45D /* PokedexTests.xctest */ = {isa = PBXFileReference; explicitFileType = wrapper.cfbundle; includeInIndex = 0; path = PokedexTests.xctest; sourceTree = BUILT_PRODUCTS_DIR; };
		63E6E68228EDE17F0044C45D /* FetchPokemonUseCaseTest.swift */ = {isa = PBXFileReference; lastKnownFileType = sourcecode.swift; path = FetchPokemonUseCaseTest.swift; sourceTree = "<group>"; };
/* End PBXFileReference section */

/* Begin PBXFrameworksBuildPhase section */
		634609DA28EF6A9100C6DF1F /* Frameworks */ = {
			isa = PBXFrameworksBuildPhase;
			buildActionMask = 2147483647;
			files = (
			);
			runOnlyForDeploymentPostprocessing = 0;
		};
		63D6AD0128AD683C0048BF72 /* Frameworks */ = {
			isa = PBXFrameworksBuildPhase;
			buildActionMask = 2147483647;
			files = (
				630A842B28DCB385008238B4 /* SDWebImageMapKit in Frameworks */,
				630A842928DCB385008238B4 /* SDWebImage in Frameworks */,
			);
			runOnlyForDeploymentPostprocessing = 0;
		};
		63E6E67D28EDE17F0044C45D /* Frameworks */ = {
			isa = PBXFrameworksBuildPhase;
			buildActionMask = 2147483647;
			files = (
			);
			runOnlyForDeploymentPostprocessing = 0;
		};
/* End PBXFrameworksBuildPhase section */

/* Begin PBXGroup section */
		632B5CF128AF1E5A00A7EA7E /* Repository */ = {
			isa = PBXGroup;
			children = (
				63AADE9A28AEC43C00734FE8 /* PokemonRepository.swift */,
			);
			path = Repository;
			sourceTree = "<group>";
		};
		634609DE28EF6A9100C6DF1F /* PokedexUITests */ = {
			isa = PBXGroup;
			children = (
				634609DF28EF6A9100C6DF1F /* PokedexUITests.swift */,
				634609E128EF6A9100C6DF1F /* PokedexUITestsLaunchTests.swift */,
			);
			path = PokedexUITests;
			sourceTree = "<group>";
		};
		63AADE9628AEC33200734FE8 /* Repository */ = {
			isa = PBXGroup;
			children = (
				63AADE9728AEC37200734FE8 /* PokemonRepositoryProtocol.swift */,
			);
			path = Repository;
			sourceTree = "<group>";
		};
		63AADE9C28AEC9AA00734FE8 /* Model */ = {
			isa = PBXGroup;
			children = (
				63AADE9D28AECA0400734FE8 /* PokemonModel.swift */,
			);
			path = Model;
			sourceTree = "<group>";
		};
		63AADE9F28AECE0800734FE8 /* UseCase */ = {
			isa = PBXGroup;
			children = (
				63AADEA028AECE4400734FE8 /* FetchPokemonUseCase.swift */,
			);
			path = UseCase;
			sourceTree = "<group>";
		};
		63D6ACFB28AD683C0048BF72 = {
			isa = PBXGroup;
			children = (
				63D6AD0628AD683C0048BF72 /* Pokedex */,
				63E6E68128EDE17F0044C45D /* PokedexTests */,
				634609DE28EF6A9100C6DF1F /* PokedexUITests */,
				63D6AD0528AD683C0048BF72 /* Products */,
			);
			sourceTree = "<group>";
		};
		63D6AD0528AD683C0048BF72 /* Products */ = {
			isa = PBXGroup;
			children = (
				63D6AD0428AD683C0048BF72 /* Pokedex.app */,
				63E6E68028EDE17F0044C45D /* PokedexTests.xctest */,
				634609DD28EF6A9100C6DF1F /* PokedexUITests.xctest */,
			);
			name = Products;
			sourceTree = "<group>";
		};
		63D6AD0628AD683C0048BF72 /* Pokedex */ = {
			isa = PBXGroup;
			children = (
				63D6AD1F28AD68D10048BF72 /* Presentation */,
				63D6AD1B28AD685F0048BF72 /* Domain */,
				63D6AD1D28AD68A70048BF72 /* Data */,
				63D6AD2A28AD7C6B0048BF72 /* Extension */,
				63D6AD1028AD683D0048BF72 /* Assets.xcassets */,
				63D6AD1228AD683D0048BF72 /* LaunchScreen.storyboard */,
				63D6AD1528AD683D0048BF72 /* Info.plist */,
				63D6AD0928AD683C0048BF72 /* SceneDelegate.swift */,
				63D6AD0728AD683C0048BF72 /* AppDelegate.swift */,
				6350DE6E28ADD9C800B50E4E /* Data+Extension.swift */,
			);
			path = Pokedex;
			sourceTree = "<group>";
		};
		63D6AD1B28AD685F0048BF72 /* Domain */ = {
			isa = PBXGroup;
			children = (
				63AADE9F28AECE0800734FE8 /* UseCase */,
				63AADE9C28AEC9AA00734FE8 /* Model */,
				63AADE9628AEC33200734FE8 /* Repository */,
			);
			path = Domain;
			sourceTree = "<group>";
		};
		63D6AD1C28AD68940048BF72 /* Model */ = {
			isa = PBXGroup;
			children = (
				63D6AD2028AD76620048BF72 /* PokemonListDTO.swift */,
			);
			path = Model;
			sourceTree = "<group>";
		};
		63D6AD1D28AD68A70048BF72 /* Data */ = {
			isa = PBXGroup;
			children = (
				63D6AD1C28AD68940048BF72 /* Model */,
				63D6AD1E28AD68B30048BF72 /* Remote */,
				632B5CF128AF1E5A00A7EA7E /* Repository */,
			);
			path = Data;
			sourceTree = "<group>";
		};
		63D6AD1E28AD68B30048BF72 /* Remote */ = {
			isa = PBXGroup;
			children = (
				63D6AD2628AD7AA80048BF72 /* RemoteDataSourceProtocol.swift */,
				63D6AD2228AD76AA0048BF72 /* RemoteDataSource.swift */,
				63D6AD2428AD76D30048BF72 /* Endpoints.swift */,
			);
			path = Remote;
			sourceTree = "<group>";
		};
		63D6AD1F28AD68D10048BF72 /* Presentation */ = {
			isa = PBXGroup;
			children = (
				63D6AD2E28AD7E2F0048BF72 /* ViewModel */,
				63D6AD2F28AD96180048BF72 /* Controller */,
			);
			path = Presentation;
			sourceTree = "<group>";
		};
		63D6AD2A28AD7C6B0048BF72 /* Extension */ = {
			isa = PBXGroup;
			children = (
				63D6AD2828AD7C510048BF72 /* Extension.swift */,
			);
			path = Extension;
			sourceTree = "<group>";
		};
		63D6AD2E28AD7E2F0048BF72 /* ViewModel */ = {
			isa = PBXGroup;
			children = (
				63D6AD2B28AD7D0E0048BF72 /* PokemonListViewModel.swift */,
			);
			path = ViewModel;
			sourceTree = "<group>";
		};
		63D6AD2F28AD96180048BF72 /* Controller */ = {
			isa = PBXGroup;
			children = (
				63D6AD0B28AD683C0048BF72 /* PokedexListViewController.swift */,
				630A842528DB3DC3008238B4 /* PokedexDetailViewController.swift */,
			);
			path = Controller;
			sourceTree = "<group>";
		};
		63E6E68128EDE17F0044C45D /* PokedexTests */ = {
			isa = PBXGroup;
			children = (
				63E6E68228EDE17F0044C45D /* FetchPokemonUseCaseTest.swift */,
			);
			path = PokedexTests;
			sourceTree = "<group>";
		};
/* End PBXGroup section */

/* Begin PBXNativeTarget section */
		634609DC28EF6A9100C6DF1F /* PokedexUITests */ = {
			isa = PBXNativeTarget;
			buildConfigurationList = 634609E728EF6A9100C6DF1F /* Build configuration list for PBXNativeTarget "PokedexUITests" */;
			buildPhases = (
				634609D928EF6A9100C6DF1F /* Sources */,
				634609DA28EF6A9100C6DF1F /* Frameworks */,
				634609DB28EF6A9100C6DF1F /* Resources */,
			);
			buildRules = (
			);
			dependencies = (
				634609E428EF6A9100C6DF1F /* PBXTargetDependency */,
			);
			name = PokedexUITests;
			productName = PokedexUITests;
			productReference = 634609DD28EF6A9100C6DF1F /* PokedexUITests.xctest */;
			productType = "com.apple.product-type.bundle.ui-testing";
		};
		63D6AD0328AD683C0048BF72 /* Pokedex */ = {
			isa = PBXNativeTarget;
			buildConfigurationList = 63D6AD1828AD683D0048BF72 /* Build configuration list for PBXNativeTarget "Pokedex" */;
			buildPhases = (
				63D6AD0028AD683C0048BF72 /* Sources */,
				63D6AD0128AD683C0048BF72 /* Frameworks */,
				63D6AD0228AD683C0048BF72 /* Resources */,
			);
			buildRules = (
			);
			dependencies = (
			);
			name = Pokedex;
			packageProductDependencies = (
				630A842828DCB385008238B4 /* SDWebImage */,
				630A842A28DCB385008238B4 /* SDWebImageMapKit */,
			);
			productName = Pokedex;
			productReference = 63D6AD0428AD683C0048BF72 /* Pokedex.app */;
			productType = "com.apple.product-type.application";
		};
		63E6E67F28EDE17F0044C45D /* PokedexTests */ = {
			isa = PBXNativeTarget;
			buildConfigurationList = 63E6E68628EDE17F0044C45D /* Build configuration list for PBXNativeTarget "PokedexTests" */;
			buildPhases = (
				63E6E67C28EDE17F0044C45D /* Sources */,
				63E6E67D28EDE17F0044C45D /* Frameworks */,
				63E6E67E28EDE17F0044C45D /* Resources */,
			);
			buildRules = (
			);
			dependencies = (
				63E6E68528EDE17F0044C45D /* PBXTargetDependency */,
			);
			name = PokedexTests;
			productName = PokedexTests;
			productReference = 63E6E68028EDE17F0044C45D /* PokedexTests.xctest */;
			productType = "com.apple.product-type.bundle.unit-test";
		};
/* End PBXNativeTarget section */

/* Begin PBXProject section */
		63D6ACFC28AD683C0048BF72 /* Project object */ = {
			isa = PBXProject;
			attributes = {
				BuildIndependentTargetsInParallel = 1;
				LastSwiftUpdateCheck = 1400;
				LastUpgradeCheck = 1340;
				TargetAttributes = {
					634609DC28EF6A9100C6DF1F = {
						CreatedOnToolsVersion = 14.0.1;
						TestTargetID = 63D6AD0328AD683C0048BF72;
					};
					63D6AD0328AD683C0048BF72 = {
						CreatedOnToolsVersion = 13.4.1;
					};
					63E6E67F28EDE17F0044C45D = {
						CreatedOnToolsVersion = 14.0.1;
						TestTargetID = 63D6AD0328AD683C0048BF72;
					};
				};
			};
			buildConfigurationList = 63D6ACFF28AD683C0048BF72 /* Build configuration list for PBXProject "Pokedex" */;
			compatibilityVersion = "Xcode 13.0";
			developmentRegion = en;
			hasScannedForEncodings = 0;
			knownRegions = (
				en,
				Base,
			);
			mainGroup = 63D6ACFB28AD683C0048BF72;
			packageReferences = (
				630A842728DCB384008238B4 /* XCRemoteSwiftPackageReference "SDWebImage" */,
			);
			productRefGroup = 63D6AD0528AD683C0048BF72 /* Products */;
			projectDirPath = "";
			projectRoot = "";
			targets = (
				63D6AD0328AD683C0048BF72 /* Pokedex */,
				63E6E67F28EDE17F0044C45D /* PokedexTests */,
				634609DC28EF6A9100C6DF1F /* PokedexUITests */,
			);
		};
/* End PBXProject section */

/* Begin PBXResourcesBuildPhase section */
		634609DB28EF6A9100C6DF1F /* Resources */ = {
			isa = PBXResourcesBuildPhase;
			buildActionMask = 2147483647;
			files = (
			);
			runOnlyForDeploymentPostprocessing = 0;
		};
		63D6AD0228AD683C0048BF72 /* Resources */ = {
			isa = PBXResourcesBuildPhase;
			buildActionMask = 2147483647;
			files = (
				63D6AD1428AD683D0048BF72 /* LaunchScreen.storyboard in Resources */,
				63D6AD1128AD683D0048BF72 /* Assets.xcassets in Resources */,
			);
			runOnlyForDeploymentPostprocessing = 0;
		};
		63E6E67E28EDE17F0044C45D /* Resources */ = {
			isa = PBXResourcesBuildPhase;
			buildActionMask = 2147483647;
			files = (
			);
			runOnlyForDeploymentPostprocessing = 0;
		};
/* End PBXResourcesBuildPhase section */

/* Begin PBXSourcesBuildPhase section */
		634609D928EF6A9100C6DF1F /* Sources */ = {
			isa = PBXSourcesBuildPhase;
			buildActionMask = 2147483647;
			files = (
				634609E028EF6A9100C6DF1F /* PokedexUITests.swift in Sources */,
				634609E228EF6A9100C6DF1F /* PokedexUITestsLaunchTests.swift in Sources */,
			);
			runOnlyForDeploymentPostprocessing = 0;
		};
		63D6AD0028AD683C0048BF72 /* Sources */ = {
			isa = PBXSourcesBuildPhase;
			buildActionMask = 2147483647;
			files = (
				63AADEA128AECE4400734FE8 /* FetchPokemonUseCase.swift in Sources */,
				63D6AD2128AD76620048BF72 /* PokemonListDTO.swift in Sources */,
				630A842628DB3DC3008238B4 /* PokedexDetailViewController.swift in Sources */,
				63D6AD2328AD76AA0048BF72 /* RemoteDataSource.swift in Sources */,
				63D6AD0C28AD683C0048BF72 /* PokedexListViewController.swift in Sources */,
				63AADE9E28AECA0400734FE8 /* PokemonModel.swift in Sources */,
				63D6AD2728AD7AA80048BF72 /* RemoteDataSourceProtocol.swift in Sources */,
				63D6AD0828AD683C0048BF72 /* AppDelegate.swift in Sources */,
				63D6AD2C28AD7D0E0048BF72 /* PokemonListViewModel.swift in Sources */,
				63D6AD2528AD76D30048BF72 /* Endpoints.swift in Sources */,
				6350DE6F28ADD9C800B50E4E /* Data+Extension.swift in Sources */,
				63AADE9828AEC37200734FE8 /* PokemonRepositoryProtocol.swift in Sources */,
				63D6AD2928AD7C510048BF72 /* Extension.swift in Sources */,
				63D6AD0A28AD683C0048BF72 /* SceneDelegate.swift in Sources */,
				63AADE9B28AEC43C00734FE8 /* PokemonRepository.swift in Sources */,
			);
			runOnlyForDeploymentPostprocessing = 0;
		};
		63E6E67C28EDE17F0044C45D /* Sources */ = {
			isa = PBXSourcesBuildPhase;
			buildActionMask = 2147483647;
			files = (
				63E6E68328EDE17F0044C45D /* FetchPokemonUseCaseTest.swift in Sources */,
			);
			runOnlyForDeploymentPostprocessing = 0;
		};
/* End PBXSourcesBuildPhase section */

/* Begin PBXTargetDependency section */
		634609E428EF6A9100C6DF1F /* PBXTargetDependency */ = {
			isa = PBXTargetDependency;
			target = 63D6AD0328AD683C0048BF72 /* Pokedex */;
			targetProxy = 634609E328EF6A9100C6DF1F /* PBXContainerItemProxy */;
		};
		63E6E68528EDE17F0044C45D /* PBXTargetDependency */ = {
			isa = PBXTargetDependency;
			target = 63D6AD0328AD683C0048BF72 /* Pokedex */;
			targetProxy = 63E6E68428EDE17F0044C45D /* PBXContainerItemProxy */;
		};
/* End PBXTargetDependency section */

/* Begin PBXVariantGroup section */
		63D6AD1228AD683D0048BF72 /* LaunchScreen.storyboard */ = {
			isa = PBXVariantGroup;
			children = (
				63D6AD1328AD683D0048BF72 /* Base */,
			);
			name = LaunchScreen.storyboard;
			sourceTree = "<group>";
		};
/* End PBXVariantGroup section */

/* Begin XCBuildConfiguration section */
		634609E528EF6A9100C6DF1F /* Debug */ = {
			isa = XCBuildConfiguration;
			buildSettings = {
				CLANG_CXX_LANGUAGE_STANDARD = "gnu++20";
				CODE_SIGN_STYLE = Automatic;
				CURRENT_PROJECT_VERSION = 1;
				GENERATE_INFOPLIST_FILE = YES;
				IPHONEOS_DEPLOYMENT_TARGET = 16.0;
				MARKETING_VERSION = 1.0;
				PRODUCT_BUNDLE_IDENTIFIER = vikies.PokedexUITests;
				PRODUCT_NAME = "$(TARGET_NAME)";
				SWIFT_EMIT_LOC_STRINGS = NO;
				SWIFT_VERSION = 5.0;
				TARGETED_DEVICE_FAMILY = "1,2";
				TEST_TARGET_NAME = Pokedex;
			};
			name = Debug;
		};
		634609E628EF6A9100C6DF1F /* Release */ = {
			isa = XCBuildConfiguration;
			buildSettings = {
				CLANG_CXX_LANGUAGE_STANDARD = "gnu++20";
				CODE_SIGN_STYLE = Automatic;
				CURRENT_PROJECT_VERSION = 1;
				GENERATE_INFOPLIST_FILE = YES;
				IPHONEOS_DEPLOYMENT_TARGET = 16.0;
				MARKETING_VERSION = 1.0;
				PRODUCT_BUNDLE_IDENTIFIER = vikies.PokedexUITests;
				PRODUCT_NAME = "$(TARGET_NAME)";
				SWIFT_EMIT_LOC_STRINGS = NO;
				SWIFT_VERSION = 5.0;
				TARGETED_DEVICE_FAMILY = "1,2";
				TEST_TARGET_NAME = Pokedex;
			};
			name = Release;
		};
		63D6AD1628AD683D0048BF72 /* Debug */ = {
			isa = XCBuildConfiguration;
			buildSettings = {
				ALWAYS_SEARCH_USER_PATHS = NO;
				CLANG_ANALYZER_NONNULL = YES;
				CLANG_ANALYZER_NUMBER_OBJECT_CONVERSION = YES_AGGRESSIVE;
				CLANG_CXX_LANGUAGE_STANDARD = "gnu++17";
				CLANG_ENABLE_MODULES = YES;
				CLANG_ENABLE_OBJC_ARC = YES;
				CLANG_ENABLE_OBJC_WEAK = YES;
				CLANG_WARN_BLOCK_CAPTURE_AUTORELEASING = YES;
				CLANG_WARN_BOOL_CONVERSION = YES;
				CLANG_WARN_COMMA = YES;
				CLANG_WARN_CONSTANT_CONVERSION = YES;
				CLANG_WARN_DEPRECATED_OBJC_IMPLEMENTATIONS = YES;
				CLANG_WARN_DIRECT_OBJC_ISA_USAGE = YES_ERROR;
				CLANG_WARN_DOCUMENTATION_COMMENTS = YES;
				CLANG_WARN_EMPTY_BODY = YES;
				CLANG_WARN_ENUM_CONVERSION = YES;
				CLANG_WARN_INFINITE_RECURSION = YES;
				CLANG_WARN_INT_CONVERSION = YES;
				CLANG_WARN_NON_LITERAL_NULL_CONVERSION = YES;
				CLANG_WARN_OBJC_IMPLICIT_RETAIN_SELF = YES;
				CLANG_WARN_OBJC_LITERAL_CONVERSION = YES;
				CLANG_WARN_OBJC_ROOT_CLASS = YES_ERROR;
				CLANG_WARN_QUOTED_INCLUDE_IN_FRAMEWORK_HEADER = YES;
				CLANG_WARN_RANGE_LOOP_ANALYSIS = YES;
				CLANG_WARN_STRICT_PROTOTYPES = YES;
				CLANG_WARN_SUSPICIOUS_MOVE = YES;
				CLANG_WARN_UNGUARDED_AVAILABILITY = YES_AGGRESSIVE;
				CLANG_WARN_UNREACHABLE_CODE = YES;
				CLANG_WARN__DUPLICATE_METHOD_MATCH = YES;
				COPY_PHASE_STRIP = NO;
				DEBUG_INFORMATION_FORMAT = dwarf;
				ENABLE_STRICT_OBJC_MSGSEND = YES;
				ENABLE_TESTABILITY = YES;
				GCC_C_LANGUAGE_STANDARD = gnu11;
				GCC_DYNAMIC_NO_PIC = NO;
				GCC_NO_COMMON_BLOCKS = YES;
				GCC_OPTIMIZATION_LEVEL = 0;
				GCC_PREPROCESSOR_DEFINITIONS = (
					"DEBUG=1",
					"$(inherited)",
				);
				GCC_WARN_64_TO_32_BIT_CONVERSION = YES;
				GCC_WARN_ABOUT_RETURN_TYPE = YES_ERROR;
				GCC_WARN_UNDECLARED_SELECTOR = YES;
				GCC_WARN_UNINITIALIZED_AUTOS = YES_AGGRESSIVE;
				GCC_WARN_UNUSED_FUNCTION = YES;
				GCC_WARN_UNUSED_VARIABLE = YES;
				IPHONEOS_DEPLOYMENT_TARGET = 15.5;
				MTL_ENABLE_DEBUG_INFO = INCLUDE_SOURCE;
				MTL_FAST_MATH = YES;
				ONLY_ACTIVE_ARCH = YES;
				SDKROOT = iphoneos;
				SWIFT_ACTIVE_COMPILATION_CONDITIONS = DEBUG;
				SWIFT_OPTIMIZATION_LEVEL = "-Onone";
			};
			name = Debug;
		};
		63D6AD1728AD683D0048BF72 /* Release */ = {
			isa = XCBuildConfiguration;
			buildSettings = {
				ALWAYS_SEARCH_USER_PATHS = NO;
				CLANG_ANALYZER_NONNULL = YES;
				CLANG_ANALYZER_NUMBER_OBJECT_CONVERSION = YES_AGGRESSIVE;
				CLANG_CXX_LANGUAGE_STANDARD = "gnu++17";
				CLANG_ENABLE_MODULES = YES;
				CLANG_ENABLE_OBJC_ARC = YES;
				CLANG_ENABLE_OBJC_WEAK = YES;
				CLANG_WARN_BLOCK_CAPTURE_AUTORELEASING = YES;
				CLANG_WARN_BOOL_CONVERSION = YES;
				CLANG_WARN_COMMA = YES;
				CLANG_WARN_CONSTANT_CONVERSION = YES;
				CLANG_WARN_DEPRECATED_OBJC_IMPLEMENTATIONS = YES;
				CLANG_WARN_DIRECT_OBJC_ISA_USAGE = YES_ERROR;
				CLANG_WARN_DOCUMENTATION_COMMENTS = YES;
				CLANG_WARN_EMPTY_BODY = YES;
				CLANG_WARN_ENUM_CONVERSION = YES;
				CLANG_WARN_INFINITE_RECURSION = YES;
				CLANG_WARN_INT_CONVERSION = YES;
				CLANG_WARN_NON_LITERAL_NULL_CONVERSION = YES;
				CLANG_WARN_OBJC_IMPLICIT_RETAIN_SELF = YES;
				CLANG_WARN_OBJC_LITERAL_CONVERSION = YES;
				CLANG_WARN_OBJC_ROOT_CLASS = YES_ERROR;
				CLANG_WARN_QUOTED_INCLUDE_IN_FRAMEWORK_HEADER = YES;
				CLANG_WARN_RANGE_LOOP_ANALYSIS = YES;
				CLANG_WARN_STRICT_PROTOTYPES = YES;
				CLANG_WARN_SUSPICIOUS_MOVE = YES;
				CLANG_WARN_UNGUARDED_AVAILABILITY = YES_AGGRESSIVE;
				CLANG_WARN_UNREACHABLE_CODE = YES;
				CLANG_WARN__DUPLICATE_METHOD_MATCH = YES;
				COPY_PHASE_STRIP = NO;
				DEBUG_INFORMATION_FORMAT = "dwarf-with-dsym";
				ENABLE_NS_ASSERTIONS = NO;
				ENABLE_STRICT_OBJC_MSGSEND = YES;
				GCC_C_LANGUAGE_STANDARD = gnu11;
				GCC_NO_COMMON_BLOCKS = YES;
				GCC_WARN_64_TO_32_BIT_CONVERSION = YES;
				GCC_WARN_ABOUT_RETURN_TYPE = YES_ERROR;
				GCC_WARN_UNDECLARED_SELECTOR = YES;
				GCC_WARN_UNINITIALIZED_AUTOS = YES_AGGRESSIVE;
				GCC_WARN_UNUSED_FUNCTION = YES;
				GCC_WARN_UNUSED_VARIABLE = YES;
				IPHONEOS_DEPLOYMENT_TARGET = 15.5;
				MTL_ENABLE_DEBUG_INFO = NO;
				MTL_FAST_MATH = YES;
				SDKROOT = iphoneos;
				SWIFT_COMPILATION_MODE = wholemodule;
				SWIFT_OPTIMIZATION_LEVEL = "-O";
				VALIDATE_PRODUCT = YES;
			};
			name = Release;
		};
		63D6AD1928AD683D0048BF72 /* Debug */ = {
			isa = XCBuildConfiguration;
			buildSettings = {
				ASSETCATALOG_COMPILER_APPICON_NAME = AppIcon;
				ASSETCATALOG_COMPILER_GLOBAL_ACCENT_COLOR_NAME = AccentColor;
				CODE_SIGN_IDENTITY = "Apple Development";
				CODE_SIGN_STYLE = Automatic;
				CURRENT_PROJECT_VERSION = 1;
				DEVELOPMENT_TEAM = "";
				GENERATE_INFOPLIST_FILE = YES;
				INFOPLIST_FILE = Pokedex/Info.plist;
				INFOPLIST_KEY_UIApplicationSupportsIndirectInputEvents = YES;
				INFOPLIST_KEY_UILaunchStoryboardName = LaunchScreen;
				INFOPLIST_KEY_UIMainStoryboardFile = LaunchScreen;
				INFOPLIST_KEY_UISupportedInterfaceOrientations_iPad = "UIInterfaceOrientationPortrait UIInterfaceOrientationPortraitUpsideDown UIInterfaceOrientationLandscapeLeft UIInterfaceOrientationLandscapeRight";
				INFOPLIST_KEY_UISupportedInterfaceOrientations_iPhone = "UIInterfaceOrientationPortrait UIInterfaceOrientationLandscapeLeft UIInterfaceOrientationLandscapeRight";
				LD_RUNPATH_SEARCH_PATHS = (
					"$(inherited)",
					"@executable_path/Frameworks",
				);
				MARKETING_VERSION = 1.0;
				PRODUCT_BUNDLE_IDENTIFIER = vikies.Pokedex;
				PRODUCT_NAME = "$(TARGET_NAME)";
				PROVISIONING_PROFILE_SPECIFIER = "";
				SWIFT_EMIT_LOC_STRINGS = YES;
				SWIFT_VERSION = 5.0;
				TARGETED_DEVICE_FAMILY = "1,2";
			};
			name = Debug;
		};
		63D6AD1A28AD683D0048BF72 /* Release */ = {
			isa = XCBuildConfiguration;
			buildSettings = {
				ASSETCATALOG_COMPILER_APPICON_NAME = AppIcon;
				ASSETCATALOG_COMPILER_GLOBAL_ACCENT_COLOR_NAME = AccentColor;
				CODE_SIGN_IDENTITY = "Apple Development";
				CODE_SIGN_STYLE = Automatic;
				CURRENT_PROJECT_VERSION = 1;
				DEVELOPMENT_TEAM = "";
				GENERATE_INFOPLIST_FILE = YES;
				INFOPLIST_FILE = Pokedex/Info.plist;
				INFOPLIST_KEY_UIApplicationSupportsIndirectInputEvents = YES;
				INFOPLIST_KEY_UILaunchStoryboardName = LaunchScreen;
				INFOPLIST_KEY_UIMainStoryboardFile = LaunchScreen;
				INFOPLIST_KEY_UISupportedInterfaceOrientations_iPad = "UIInterfaceOrientationPortrait UIInterfaceOrientationPortraitUpsideDown UIInterfaceOrientationLandscapeLeft UIInterfaceOrientationLandscapeRight";
				INFOPLIST_KEY_UISupportedInterfaceOrientations_iPhone = "UIInterfaceOrientationPortrait UIInterfaceOrientationLandscapeLeft UIInterfaceOrientationLandscapeRight";
				LD_RUNPATH_SEARCH_PATHS = (
					"$(inherited)",
					"@executable_path/Frameworks",
				);
				MARKETING_VERSION = 1.0;
				PRODUCT_BUNDLE_IDENTIFIER = vikies.Pokedex;
				PRODUCT_NAME = "$(TARGET_NAME)";
				PROVISIONING_PROFILE_SPECIFIER = "";
				SWIFT_EMIT_LOC_STRINGS = YES;
				SWIFT_VERSION = 5.0;
				TARGETED_DEVICE_FAMILY = "1,2";
			};
			name = Release;
		};
		63E6E68728EDE17F0044C45D /* Debug */ = {
			isa = XCBuildConfiguration;
			buildSettings = {
				BUNDLE_LOADER = "$(TEST_HOST)";
				CLANG_CXX_LANGUAGE_STANDARD = "gnu++20";
				CODE_SIGN_STYLE = Automatic;
				CURRENT_PROJECT_VERSION = 1;
				GENERATE_INFOPLIST_FILE = YES;
				IPHONEOS_DEPLOYMENT_TARGET = 16.0;
				MACOSX_DEPLOYMENT_TARGET = 12.3;
				MARKETING_VERSION = 1.0;
				PRODUCT_BUNDLE_IDENTIFIER = vikies.PokedexTests;
				PRODUCT_NAME = "$(TARGET_NAME)";
				SDKROOT = auto;
				SUPPORTED_PLATFORMS = "iphoneos iphonesimulator macosx";
				SWIFT_EMIT_LOC_STRINGS = NO;
				SWIFT_VERSION = 5.0;
				TARGETED_DEVICE_FAMILY = "1,2";
				TEST_HOST = "$(BUILT_PRODUCTS_DIR)/Pokedex.app/$(BUNDLE_EXECUTABLE_FOLDER_PATH)/Pokedex";
			};
			name = Debug;
		};
		63E6E68828EDE17F0044C45D /* Release */ = {
			isa = XCBuildConfiguration;
			buildSettings = {
				BUNDLE_LOADER = "$(TEST_HOST)";
				CLANG_CXX_LANGUAGE_STANDARD = "gnu++20";
				CODE_SIGN_STYLE = Automatic;
				CURRENT_PROJECT_VERSION = 1;
				GENERATE_INFOPLIST_FILE = YES;
				IPHONEOS_DEPLOYMENT_TARGET = 16.0;
				MACOSX_DEPLOYMENT_TARGET = 12.3;
				MARKETING_VERSION = 1.0;
				PRODUCT_BUNDLE_IDENTIFIER = vikies.PokedexTests;
				PRODUCT_NAME = "$(TARGET_NAME)";
				SDKROOT = auto;
				SUPPORTED_PLATFORMS = "iphoneos iphonesimulator macosx";
				SWIFT_EMIT_LOC_STRINGS = NO;
				SWIFT_VERSION = 5.0;
				TARGETED_DEVICE_FAMILY = "1,2";
				TEST_HOST = "$(BUILT_PRODUCTS_DIR)/Pokedex.app/$(BUNDLE_EXECUTABLE_FOLDER_PATH)/Pokedex";
			};
			name = Release;
		};
/* End XCBuildConfiguration section */

/* Begin XCConfigurationList section */
		634609E728EF6A9100C6DF1F /* Build configuration list for PBXNativeTarget "PokedexUITests" */ = {
			isa = XCConfigurationList;
			buildConfigurations = (
				634609E528EF6A9100C6DF1F /* Debug */,
				634609E628EF6A9100C6DF1F /* Release */,
			);
			defaultConfigurationIsVisible = 0;
			defaultConfigurationName = Release;
		};
		63D6ACFF28AD683C0048BF72 /* Build configuration list for PBXProject "Pokedex" */ = {
			isa = XCConfigurationList;
			buildConfigurations = (
				63D6AD1628AD683D0048BF72 /* Debug */,
				63D6AD1728AD683D0048BF72 /* Release */,
			);
			defaultConfigurationIsVisible = 0;
			defaultConfigurationName = Release;
		};
		63D6AD1828AD683D0048BF72 /* Build configuration list for PBXNativeTarget "Pokedex" */ = {
			isa = XCConfigurationList;
			buildConfigurations = (
				63D6AD1928AD683D0048BF72 /* Debug */,
				63D6AD1A28AD683D0048BF72 /* Release */,
			);
			defaultConfigurationIsVisible = 0;
			defaultConfigurationName = Release;
		};
		63E6E68628EDE17F0044C45D /* Build configuration list for PBXNativeTarget "PokedexTests" */ = {
			isa = XCConfigurationList;
			buildConfigurations = (
				63E6E68728EDE17F0044C45D /* Debug */,
				63E6E68828EDE17F0044C45D /* Release */,
			);
			defaultConfigurationIsVisible = 0;
			defaultConfigurationName = Release;
		};
/* End XCConfigurationList section */

/* Begin XCRemoteSwiftPackageReference section */
		630A842728DCB384008238B4 /* XCRemoteSwiftPackageReference "SDWebImage" */ = {
			isa = XCRemoteSwiftPackageReference;
			repositoryURL = "https://github.com/SDWebImage/SDWebImage.git";
			requirement = {
				kind = upToNextMajorVersion;
				minimumVersion = 5.0.0;
			};
		};
/* End XCRemoteSwiftPackageReference section */

/* Begin XCSwiftPackageProductDependency section */
		630A842828DCB385008238B4 /* SDWebImage */ = {
			isa = XCSwiftPackageProductDependency;
			package = 630A842728DCB384008238B4 /* XCRemoteSwiftPackageReference "SDWebImage" */;
			productName = SDWebImage;
		};
		630A842A28DCB385008238B4 /* SDWebImageMapKit */ = {
			isa = XCSwiftPackageProductDependency;
			package = 630A842728DCB384008238B4 /* XCRemoteSwiftPackageReference "SDWebImage" */;
			productName = SDWebImageMapKit;
		};
/* End XCSwiftPackageProductDependency section */
	};
	rootObject = 63D6ACFC28AD683C0048BF72 /* Project object */;
}
